{
    "name": "Personalized_Phishing_Training_random_v1",
    "version": "0.0.1",
    "lockfileVersion": 2,
    "requires": true,
    "packages": {
        "": {
            "name": "Personalized_Phishing_Training_random_v1",
            "version": "0.0.1",
            "license": "MIT/X11",
            "dependencies": {
                "csv-stringify": "^6.3.0"
            }
        },
        "node_modules/csv-stringify": {
            "version": "6.3.0",
            "resolved": "https://registry.npmjs.org/csv-stringify/-/csv-stringify-6.3.0.tgz",
            "integrity": "sha512-kTnnBkkLmAR1G409aUdShppWUClNbBQZXhrKrXzKYBGw4yfROspiFvVmjbKonCrdGfwnqwMXKLQG7ej7K/jwjg=="
        }
    },
    "dependencies": {
        "csv-stringify": {
            "version": "6.3.0",
            "resolved": "https://registry.npmjs.org/csv-stringify/-/csv-stringify-6.3.0.tgz",
            "integrity": "sha512-kTnnBkkLmAR1G409aUdShppWUClNbBQZXhrKrXzKYBGw4yfROspiFvVmjbKonCrdGfwnqwMXKLQG7ej7K/jwjg=="
        }
    }
}
